
Microsoft Visual Studio Solution File, Format Version 12.00
# Visual Studio 2012
Project("{F184B08F-C81C-45F6-A57F-5ABD9991F28F}") = "PA PEMVIS", "PA PEMVIS\PA PEMVIS.vbproj", "{2BB32789-5385-417F-9495-39233817E46C}"
EndProject
Global
	GlobalSection(SolutionConfigurationPlatforms) = preSolution
		Debug|Any CPU = Debug|Any CPU
		Release|Any CPU = Release|Any CPU
	EndGlobalSection
	GlobalSection(ProjectConfigurationPlatforms) = postSolution
		{2BB32789-5385-417F-9495-39233817E46C}.Debug|Any CPU.ActiveCfg = Debug|Any CPU
		{2BB32789-5385-417F-9495-39233817E46C}.Debug|Any CPU.Build.0 = Debug|Any CPU
		{2BB32789-5385-417F-9495-39233817E46C}.Release|Any CPU.ActiveCfg = Release|Any CPU
		{2BB32789-5385-417F-9495-39233817E46C}.Release|Any CPU.Build.0 = Release|Any CPU
	EndGlobalSection
	GlobalSection(SolutionProperties) = preSolution
		HideSolutionNode = FALSE
	EndGlobalSection
EndGlobal
